
Microsoft Visual Studio Solution File, Format Version 12.00
# Visual Studio Version 17
VisualStudioVersion = 17.2.32616.157
MinimumVisualStudioVersion = 10.0.40219.1
Project("{FAE04EC0-301F-11D3-BF4B-00C04F79EFBC}") = "Jquery_Example", "Jquery_Example\Jquery_Example.csproj", "{3FFEAD0B-A4C2-46B7-B5DF-222AA346E7D0}"
EndProject
Global
	GlobalSection(SolutionConfigurationPlatforms) = preSolution
		Debug|Any CPU = Debug|Any CPU
		Release|Any CPU = Release|Any CPU
	EndGlobalSection
	GlobalSection(ProjectConfigurationPlatforms) = postSolution
		{3FFEAD0B-A4C2-46B7-B5DF-222AA346E7D0}.Debug|Any CPU.ActiveCfg = Debug|Any CPU
		{3FFEAD0B-A4C2-46B7-B5DF-222AA346E7D0}.Debug|Any CPU.Build.0 = Debug|Any CPU
		{3FFEAD0B-A4C2-46B7-B5DF-222AA346E7D0}.Release|Any CPU.ActiveCfg = Release|Any CPU
		{3FFEAD0B-A4C2-46B7-B5DF-222AA346E7D0}.Release|Any CPU.Build.0 = Release|Any CPU
	EndGlobalSection
	GlobalSection(SolutionProperties) = preSolution
		HideSolutionNode = FALSE
	EndGlobalSection
	GlobalSection(ExtensibilityGlobals) = postSolution
		SolutionGuid = {D305EF1D-6E6C-4008-901E-36564028169C}
	EndGlobalSection
EndGlobal
